
Microsoft Visual Studio Solution File, Format Version 12.00
# Visual Studio Version 17
VisualStudioVersion = 17.5.002.0
MinimumVisualStudioVersion = 10.0.40219.1
Project("{9A19103F-16F7-4668-BE54-9A1E7A4F7556}") = "cadProd", "cadProd.csproj", "{C1F96953-0EB7-4C14-8F63-DE269C340BB5}"
EndProject
Global
	GlobalSection(SolutionConfigurationPlatforms) = preSolution
		Debug|Any CPU = Debug|Any CPU
		Release|Any CPU = Release|Any CPU
	EndGlobalSection
	GlobalSection(ProjectConfigurationPlatforms) = postSolution
		{C1F96953-0EB7-4C14-8F63-DE269C340BB5}.Debug|Any CPU.ActiveCfg = Debug|Any CPU
		{C1F96953-0EB7-4C14-8F63-DE269C340BB5}.Debug|Any CPU.Build.0 = Debug|Any CPU
		{C1F96953-0EB7-4C14-8F63-DE269C340BB5}.Release|Any CPU.ActiveCfg = Release|Any CPU
		{C1F96953-0EB7-4C14-8F63-DE269C340BB5}.Release|Any CPU.Build.0 = Release|Any CPU
	EndGlobalSection
	GlobalSection(SolutionProperties) = preSolution
		HideSolutionNode = FALSE
	EndGlobalSection
	GlobalSection(ExtensibilityGlobals) = postSolution
		SolutionGuid = {37F7016D-F1DE-4267-A033-6AC3E9CE965A}
	EndGlobalSection
EndGlobal
